# This file is autogenerated, do not edit; changes may be undone by the next 'dep ensure'.


[[projects]]
  branch = "master"
  name = "github.com/computes/go-debug"
  packages = ["."]
  revision = "7cb67a40409f4bbd31b6d0e8eb8b662bbdd3e252"

[[projects]]
  branch = "master"
  name = "github.com/paypal/gatt"
  packages = [
    ".",
    "linux",
    "linux/cmd",
    "linux/evt",
    "linux/gioctl",
    "linux/socket",
    "linux/util",
    "xpc"
  ]
  revision = "4ae819d591cfc94c496c45deb55928469542beec"

[[projects]]
  branch = "master"
  name = "github.com/raff/goble"
  packages = [
    ".",
    "xpc"
  ]
  revision = "efeac611681b89806d673dfbd8fc1690ca6bd093"

[solve-meta]
  analyzer-name = "dep"
  analyzer-version = 1
  inputs-digest = "a007014e9fbdd6f4ece2ad1cb138d83afe99dbacbafb8e5318c64913a68ff815"
  solver-name = "gps-cdcl"
  solver-version = 1
